# This file is automatically @generated by Poetry 2.3.2 and should not be changed by hand.

[[package]]
name = "aiosqlite"
version = "0.20.0"
description = "asyncio bridge to the standard sqlite3 module"
optional = false
python-versions = ">=3.8"
groups = ["main"]
files = [
    {file = "aiosqlite-0.20.0-py3-none-any.whl", hash = "sha256:36a1deaca0cac40ebe32aac9977a6e2bbc7f5189f23f4a54d5908986729e5bd6"},
    {file = "aiosqlite-0.20.0.tar.gz", hash = "sha256:6d35c8c256637f4672f843c31021464090805bf925385ac39473fb16eaaca3d7"},
]

[package.dependencies]
typing_extensions = ">=4.0"

[package.extras]
dev = ["attribution (==1.7.0)", "black (==24.2.0)", "coverage[toml] (==7.4.1)", "flake8 (==7.0.0)", "flake8-bugbear (==24.2.6)", "flit (==3.9.0)", "mypy (==1.8.0)", "ufmt (==2.3.0)", "usort (==1.0.8.post1)"]
docs = ["sphinx (==7.2.6)", "sphinx-mdinclude (==0.5.3)"]

[[package]]
name = "asgiref"
version = "3.11.1"
description = "ASGI specs, helper code, and adapters"
optional = false
python-versions = ">=3.9"
groups = ["main"]
files = [
    {file = "asgiref-3.11.1-py3-none-any.whl", hash = "sha256:e8667a091e69529631969fd45dc268fa79b99c92c5fcdda727757e52146ec133"},
    {file = "asgiref-3.11.1.tar.gz", hash = "sha256:5f184dc43b7e763efe848065441eac62229c9f7b0475f41f80e207a114eda4ce"},
]

[package.extras]
tests = ["mypy (>=1.14.0)", "pytest", "pytest-asyncio"]

[[package]]
name = "blinker"
version = "1.9.0"
description = "Fast, simple object-to-object and broadcast signaling"
optional = false
python-versions = ">=3.9"
groups = ["main"]
files = [
    {file = "blinker-1.9.0-py3-none-any.whl", hash = "sha256:ba0efaa9080b619ff2f3459d1d500c57bddea4a6b424b60a91141db6fd2f08bc"},
    {file = "blinker-1.9.0.tar.gz", hash = "sha256:b4ce2265a7abece45e7cc896e98dbebe6cead56bcf805a3d23136d145f5445bf"},
]

[[package]]
name = "click"
version = "8.3.1"
description = "Composable command line interface toolkit"
optional = false
python-versions = ">=3.10"
groups = ["main"]
files = [
    {file = "click-8.3.1-py3-none-any.whl", hash = "sha256:981153a64e25f12d547d3426c367a4857371575ee7ad18df2a6183ab0545b2a6"},
    {file = "click-8.3.1.tar.gz", hash = "sha256:12ff4785d337a1bb490bb7e9c2b1ee5da3112e94a8622f26a6c77f5d2fc6842a"},
]

[package.dependencies]
colorama = {version = "*", markers = "platform_system == \"Windows\""}

[[package]]
name = "colorama"
version = "0.4.6"
description = "Cross-platform colored terminal text."
optional = false
python-versions = "!=3.0.*,!=3.1.*,!=3.2.*,!=3.3.*,!=3.4.*,!=3.5.*,!=3.6.*,>=2.7"
groups = ["main"]
markers = "platform_system == \"Windows\""
files = [
    {file = "colorama-0.4.6-py2.py3-none-any.whl", hash = "sha256:4f1d9991f5acc0ca119f9d443620b77f9d6b33703e51011c16baf57afb285fc6"},
    {file = "colorama-0.4.6.tar.gz", hash = "sha256:08695f5cb7ed6e0531a20572697297273c47b8cae5a63ffc6d6ed5c201be6e44"},
]

[[package]]
name = "fastadmin"
version = "0.4.2"
description = "FastAdmin is an easy-to-use Admin Dashboard App for FastAPI/Flask/Django inspired by Django Admin."
optional = false
python-versions = "<4.0,>=3.12"
groups = ["main"]
files = [
    {file = "fastadmin-0.4.2-py3-none-any.whl", hash = "sha256:16ab6c3be809d8791090d0a91eb9314cac5054a2afd8b64b5a17e761e7113ae0"},
    {file = "fastadmin-0.4.2.tar.gz", hash = "sha256:db458600d0cf92a38873e67eaf5e2409bc1efdcad00c65b8f8e0ed73bbecf2e5"},
]

[package.dependencies]
asgiref = ">=3.11.1,<4.0.0"
flask = {version = "==3.*", optional = true, markers = "extra == \"flask\""}
greenlet = {version = ">=3.0,<4.0", optional = true, markers = "extra == \"sqlalchemy\""}
pyjwt = ">=2.6.0,<3.0.0"
sqlalchemy = {version = "==2.*", extras = ["asyncio"], optional = true, markers = "extra == \"sqlalchemy\""}

[package.extras]
django = ["django (==6.*)"]
fastapi = ["fastapi (==0.*)", "python-multipart (==0.*)"]
flask = ["flask (==3.*)"]
pony = ["pony (==0.*)"]
sqlalchemy = ["greenlet (>=3.0,<4.0)", "sqlalchemy[asyncio] (==2.*)"]
tortoise-orm = ["tortoise-orm (==1.*)"]

[[package]]
name = "flask"
version = "3.1.3"
description = "A simple framework for building complex web applications."
optional = false
python-versions = ">=3.9"
groups = ["main"]
files = [
    {file = "flask-3.1.3-py3-none-any.whl", hash = "sha256:f4bcbefc124291925f1a26446da31a5178f9483862233b23c0c96a20701f670c"},
    {file = "flask-3.1.3.tar.gz", hash = "sha256:0ef0e52b8a9cd932855379197dd8f94047b359ca0a78695144304cb45f87c9eb"},
]

[package.dependencies]
blinker = ">=1.9.0"
click = ">=8.1.3"
itsdangerous = ">=2.2.0"
jinja2 = ">=3.1.2"
markupsafe = ">=2.1.1"
werkzeug = ">=3.1.0"

[package.extras]
async = ["asgiref (>=3.2)"]
dotenv = ["python-dotenv"]

[[package]]
name = "flask-cors"
version = "4.0.2"
description = "A Flask extension adding a decorator for CORS support"
optional = false
python-versions = "*"
groups = ["main"]
files = [
    {file = "Flask_Cors-4.0.2-py2.py3-none-any.whl", hash = "sha256:38364faf1a7a5d0a55bd1d2e2f83ee9e359039182f5e6a029557e1f56d92c09a"},
    {file = "flask_cors-4.0.2.tar.gz", hash = "sha256:493b98e2d1e2f1a4720a7af25693ef2fe32fbafec09a2f72c59f3e475eda61d2"},
]

[package.dependencies]
Flask = ">=0.9"

[[package]]
name = "greenlet"
version = "3.3.2"
description = "Lightweight in-process concurrent programming"
optional = false
python-versions = ">=3.10"
groups = ["main"]
files = [
    {file = "greenlet-3.3.2-cp310-cp310-macosx_11_0_universal2.whl", hash = "sha256:9bc885b89709d901859cf95179ec9f6bb67a3d2bb1f0e88456461bd4b7f8fd0d"},
    {file = "greenlet-3.3.2-cp310-cp310-manylinux_2_24_aarch64.manylinux_2_28_aarch64.whl", hash = "sha256:b568183cf65b94919be4438dc28416b234b678c608cafac8874dfeeb2a9bbe13"},
    {file = "greenlet-3.3.2-cp310-cp310-manylinux_2_24_ppc64le.manylinux_2_28_ppc64le.whl", hash = "sha256:527fec58dc9f90efd594b9b700662ed3fb2493c2122067ac9c740d98080a620e"},
    {file = "greenlet-3.3.2-cp310-cp310-manylinux_2_24_s390x.manylinux_2_28_s390x.whl", hash = "sha256:508c7f01f1791fbc8e011bd508f6794cb95397fdb198a46cb6635eb5b78d85a7"},
    {file = "greenlet-3.3.2-cp310-cp310-manylinux_2_24_x86_64.manylinux_2_28_x86_64.whl", hash = "sha256:ad0c8917dd42a819fe77e6bdfcb84e3379c0de956469301d9fd36427a1ca501f"},
    {file = "greenlet-3.3.2-cp310-cp310-musllinux_1_2_aarch64.whl", hash = "sha256:97245cc10e5515dbc8c3104b2928f7f02b6813002770cfaffaf9a6e0fc2b94ef"},
    {file = "greenlet-3.3.2-cp310-cp310-musllinux_1_2_x86_64.whl", hash = "sha256:8c1fdd7d1b309ff0da81d60a9688a8bd044ac4e18b250320a96fc68d31c209ca"},
    {file = "greenlet-3.3.2-cp310-cp310-win_amd64.whl", hash = "sha256:5d0e35379f93a6d0222de929a25ab47b5eb35b5ef4721c2b9cbcc4036129ff1f"},
    {file = "greenlet-3.3.2-cp311-cp311-macosx_11_0_universal2.whl", hash = "sha256:c56692189a7d1c7606cb794be0a8381470d95c57ce5be03fb3d0ef57c7853b86"},
    {file = "greenlet-3.3.2-cp311-cp311-manylinux_2_24_aarch64.manylinux_2_28_aarch64.whl", hash = "sha256:1ebd458fa8285960f382841da585e02201b53a5ec2bac6b156fc623b5ce4499f"},
    {file = "greenlet-3.3.2-cp311-cp311-manylinux_2_24_ppc64le.manylinux_2_28_ppc64le.whl", hash = "sha256:a443358b33c4ec7b05b79a7c8b466f5d275025e750298be7340f8fc63dff2a55"},
    {file = "greenlet-3.3.2-cp311-cp311-manylinux_2_24_s390x.manylinux_2_28_s390x.whl", hash = "sha256:4375a58e49522698d3e70cc0b801c19433021b5c37686f7ce9c65b0d5c8677d2"},
    {file = "greenlet-3.3.2-cp311-cp311-manylinux_2_24_x86_64.manylinux_2_28_x86_64.whl", hash = "sha256:8e2cd90d413acbf5e77ae41e5d3c9b3ac1d011a756d7284d7f3f2b806bbd6358"},
    {file = "greenlet-3.3.2-cp311-cp311-musllinux_1_2_aarch64.whl", hash = "sha256:442b6057453c8cb29b4fb36a2ac689382fc71112273726e2423f7f17dc73bf99"},
    {file = "greenlet-3.3.2-cp311-cp311-musllinux_1_2_x86_64.whl", hash = "sha256:45abe8eb6339518180d5a7fa47fa01945414d7cca5ecb745346fc6a87d2750be"},
    {file = "greenlet-3.3.2-cp311-cp311-win_amd64.whl", hash = "sha256:1e692b2dae4cc7077cbb11b47d258533b48c8fde69a33d0d8a82e2fe8d8531d5"},
    {file = "greenlet-3.3.2-cp311-cp311-win_arm64.whl", hash = "sha256:02b0a8682aecd4d3c6c18edf52bc8e51eacdd75c8eac52a790a210b06aa295fd"},
    {file = "greenlet-3.3.2-cp312-cp312-macosx_11_0_universal2.whl", hash = "sha256:ac8d61d4343b799d1e526db579833d72f23759c71e07181c2d2944e429eb09cd"},
    {file = "greenlet-3.3.2-cp312-cp312-manylinux_2_24_aarch64.manylinux_2_28_aarch64.whl", hash = "sha256:3ceec72030dae6ac0c8ed7591b96b70410a8be370b6a477b1dbc072856ad02bd"},
    {file = "greenlet-3.3.2-cp312-cp312-manylinux_2_24_ppc64le.manylinux_2_28_ppc64le.whl", hash = "sha256:a2a5be83a45ce6188c045bcc44b0ee037d6a518978de9a5d97438548b953a1ac"},
    {file = "greenlet-3.3.2-cp312-cp312-manylinux_2_24_s390x.manylinux_2_28_s390x.whl", hash = "sha256:ae9e21c84035c490506c17002f5c8ab25f980205c3e61ddb3a2a2a2e6c411fcb"},
    {file = "greenlet-3.3.2-cp312-cp312-manylinux_2_24_x86_64.manylinux_2_28_x86_64.whl", hash = "sha256:43e99d1749147ac21dde49b99c9abffcbc1e2d55c67501465ef0930d6e78e070"},
    {file = "greenlet-3.3.2-cp312-cp312-musllinux_1_2_aarch64.whl", hash = "sha256:4c956a19350e2c37f2c48b336a3afb4bff120b36076d9d7fb68cb44e05d95b79"},
    {file = "greenlet-3.3.2-cp312-cp312-musllinux_1_2_x86_64.whl", hash = "sha256:6c6f8ba97d17a1e7d664151284cb3315fc5f8353e75221ed4324f84eb162b395"},
    {file = "greenlet-3.3.2-cp312-cp312-win_amd64.whl", hash = "sha256:34308836d8370bddadb41f5a7ce96879b72e2fdfb4e87729330c6ab52376409f"},
    {file = "greenlet-3.3.2-cp312-cp312-win_arm64.whl", hash = "sha256:d3a62fa76a32b462a97198e4c9e99afb9ab375115e74e9a83ce180e7a496f643"},
    {file = "greenlet-3.3.2-cp313-cp313-macosx_11_0_universal2.whl", hash = "sha256:aa6ac98bdfd716a749b84d4034486863fd81c3abde9aa3cf8eff9127981a4ae4"},
    {file = "greenlet-3.3.2-cp313-cp313-manylinux_2_24_aarch64.manylinux_2_28_aarch64.whl", hash = "sha256:ab0c7e7901a00bc0a7284907273dc165b32e0d109a6713babd04471327ff7986"},
    {file = "greenlet-3.3.2-cp313-cp313-manylinux_2_24_ppc64le.manylinux_2_28_ppc64le.whl", hash = "sha256:d248d8c23c67d2291ffd47af766e2a3aa9fa1c6703155c099feb11f526c63a92"},
    {file = "greenlet-3.3.2-cp313-cp313-manylinux_2_24_s390x.manylinux_2_28_s390x.whl", hash = "sha256:ccd21bb86944ca9be6d967cf7691e658e43417782bce90b5d2faeda0ff78a7dd"},
    {file = "greenlet-3.3.2-cp313-cp313-manylinux_2_24_x86_64.manylinux_2_28_x86_64.whl", hash = "sha256:b6997d360a4e6a4e936c0f9625b1c20416b8a0ea18a8e19cabbefc712e7397ab"},
    {file = "greenlet-3.3.2-cp313-cp313-musllinux_1_2_aarch64.whl", hash = "sha256:64970c33a50551c7c50491671265d8954046cb6e8e2999aacdd60e439b70418a"},
    {file = "greenlet-3.3.2-cp313-cp313-musllinux_1_2_x86_64.whl", hash = "sha256:1a9172f5bf6bd88e6ba5a84e0a68afeac9dc7b6b412b245dd64f52d83c81e55b"},
    {file = "greenlet-3.3.2-cp313-cp313-win_amd64.whl", hash = "sha256:a7945dd0eab63ded0a48e4dcade82939783c172290a7903ebde9e184333ca124"},
    {file = "greenlet-3.3.2-cp313-cp313-win_arm64.whl", hash = "sha256:394ead29063ee3515b4e775216cb756b2e3b4a7e55ae8fd884f17fa579e6b327"},
    {file = "greenlet-3.3.2-cp314-cp314-macosx_11_0_universal2.whl", hash = "sha256:8d1658d7291f9859beed69a776c10822a0a799bc4bfe1bd4272bb60e62507dab"},
    {file = "greenlet-3.3.2-cp314-cp314-manylinux_2_24_aarch64.manylinux_2_28_aarch64.whl", hash = "sha256:18cb1b7337bca281915b3c5d5ae19f4e76d35e1df80f4ad3c1a7be91fadf1082"},
    {file = "greenlet-3.3.2-cp314-cp314-manylinux_2_24_ppc64le.manylinux_2_28_ppc64le.whl", hash = "sha256:c2e47408e8ce1c6f1ceea0dffcdf6ebb85cc09e55c7af407c99f1112016e45e9"},
    {file = "greenlet-3.3.2-cp314-cp314-manylinux_2_24_s390x.manylinux_2_28_s390x.whl", hash = "sha256:e3cb43ce200f59483eb82949bf1835a99cf43d7571e900d7c8d5c62cdf25d2f9"},
    {file = "greenlet-3.3.2-cp314-cp314-manylinux_2_24_x86_64.manylinux_2_28_x86_64.whl", hash = "sha256:63d10328839d1973e5ba35e98cccbca71b232b14051fd957b6f8b6e8e80d0506"},
    {file = "greenlet-3.3.2-cp314-cp314-musllinux_1_2_aarch64.whl", hash = "sha256:8e4ab3cfb02993c8cc248ea73d7dae6cec0253e9afa311c9b37e603ca9fad2ce"},
    {file = "greenlet-3.3.2-cp314-cp314-musllinux_1_2_x86_64.whl", hash = "sha256:94ad81f0fd3c0c0681a018a976e5c2bd2ca2d9d94895f23e7bb1af4e8af4e2d5"},
    {file = "greenlet-3.3.2-cp314-cp314-win_amd64.whl", hash = "sha256:8c4dd0f3997cf2512f7601563cc90dfb8957c0cff1e3a1b23991d4ea1776c492"},
    {file = "greenlet-3.3.2-cp314-cp314-win_arm64.whl", hash = "sha256:cd6f9e2bbd46321ba3bbb4c8a15794d32960e3b0ae2cc4d49a1a53d314805d71"},
    {file = "greenlet-3.3.2-cp314-cp314t-macosx_11_0_universal2.whl", hash = "sha256:e26e72bec7ab387ac80caa7496e0f908ff954f31065b0ffc1f8ecb1338b11b54"},
    {file = "greenlet-3.3.2-cp314-cp314t-manylinux_2_24_aarch64.manylinux_2_28_aarch64.whl", hash = "sha256:8b466dff7a4ffda6ca975979bab80bdadde979e29fc947ac3be4451428d8b0e4"},
    {file = "greenlet-3.3.2-cp314-cp314t-manylinux_2_24_ppc64le.manylinux_2_28_ppc64le.whl", hash = "sha256:b8bddc5b73c9720bea487b3bffdb1840fe4e3656fba3bd40aa1489e9f37877ff"},
    {file = "greenlet-3.3.2-cp314-cp314t-manylinux_2_24_s390x.manylinux_2_28_s390x.whl", hash = "sha256:59b3e2c40f6706b05a9cd299c836c6aa2378cabe25d021acd80f13abf81181cf"},
    {file = "greenlet-3.3.2-cp314-cp314t-manylinux_2_24_x86_64.manylinux_2_28_x86_64.whl", hash = "sha256:b26b0f4428b871a751968285a1ac9648944cea09807177ac639b030bddebcea4"},
    {file = "greenlet-3.3.2-cp314-cp314t-musllinux_1_2_aarch64.whl", hash = "sha256:1fb39a11ee2e4d94be9a76671482be9398560955c9e568550de0224e41104727"},
    {file = "greenlet-3.3.2-cp314-cp314t-musllinux_1_2_x86_64.whl", hash = "sha256:20154044d9085151bc309e7689d6f7ba10027f8f5a8c0676ad398b951913d89e"},
    {file = "greenlet-3.3.2-cp314-cp314t-win_amd64.whl", hash = "sha256:c04c5e06ec3e022cbfe2cd4a846e1d4e50087444f875ff6d2c2ad8445495cf1a"},
    {file = "greenlet-3.3.2.tar.gz", hash = "sha256:2eaf067fc6d886931c7962e8c6bede15d2f01965560f3359b27c80bde2d151f2"},
]

[package.extras]
docs = ["Sphinx", "furo"]
test = ["objgraph", "psutil", "setuptools"]

[[package]]
name = "itsdangerous"
version = "2.2.0"
description = "Safely pass data to untrusted environments and back."
optional = false
python-versions = ">=3.8"
groups = ["main"]
files = [
    {file = "itsdangerous-2.2.0-py3-none-any.whl", hash = "sha256:c6242fc49e35958c8b15141343aa660db5fc54d4f13a1db01a3f5891b98700ef"},
    {file = "itsdangerous-2.2.0.tar.gz", hash = "sha256:e0050c0b7da1eea53ffaf149c0cfbb5c6e2e2b69c4bef22c81fa6eb73e5f6173"},
]

[[package]]
name = "jinja2"
version = "3.1.6"
description = "A very fast and expressive template engine."
optional = false
python-versions = ">=3.7"
groups = ["main"]
files = [
    {file = "jinja2-3.1.6-py3-none-any.whl", hash = "sha256:85ece4451f492d0c13c5dd7c13a64681a86afae63a5f347908daf103ce6d2f67"},
    {file = "jinja2-3.1.6.tar.gz", hash = "sha256:0137fb05990d35f1275a587e9aee6d56da821fc83491a0fb838183be43f66d6d"},
]

[package.dependencies]
MarkupSafe = ">=2.0"

[package.extras]
i18n = ["Babel (>=2.7)"]

[[package]]
name = "markupsafe"
version = "3.0.3"
description = "Safely add untrusted strings to HTML/XML markup."
optional = false
python-versions = ">=3.9"
groups = ["main"]
files = [
    {file = "markupsafe-3.0.3-cp310-cp310-macosx_10_9_x86_64.whl", hash = "sha256:2f981d352f04553a7171b8e44369f2af4055f888dfb147d55e42d29e29e74559"},
    {file = "markupsafe-3.0.3-cp310-cp310-macosx_11_0_arm64.whl", hash = "sha256:e1c1493fb6e50ab01d20a22826e57520f1284df32f2d8601fdd90b6304601419"},
    {file = "markupsafe-3.0.3-cp310-cp310-manylinux2014_aarch64.manylinux_2_17_aarch64.manylinux_2_28_aarch64.whl", hash = "sha256:1ba88449deb3de88bd40044603fafffb7bc2b055d626a330323a9ed736661695"},
    {file = "markupsafe-3.0.3-cp310-cp310-manylinux2014_x86_64.manylinux_2_17_x86_64.manylinux_2_28_x86_64.whl", hash = "sha256:f42d0984e947b8adf7dd6dde396e720934d12c506ce84eea8476409563607591"},
    {file = "markupsafe-3.0.3-cp310-cp310-manylinux_2_31_riscv64.manylinux_2_39_riscv64.whl", hash = "sha256:c0c0b3ade1c0b13b936d7970b1d37a57acde9199dc2aecc4c336773e1d86049c"},
    {file = "markupsafe-3.0.3-cp310-cp310-musllinux_1_2_aarch64.whl", hash = "sha256:0303439a41979d9e74d18ff5e2dd8c43ed6c6001fd40e5bf2e43f7bd9bbc523f"},
    {file = "markupsafe-3.0.3-cp310-cp310-musllinux_1_2_riscv64.whl", hash = "sha256:d2ee202e79d8ed691ceebae8e0486bd9a2cd4794cec4824e1c99b6f5009502f6"},
    {file = "markupsafe-3.0.3-cp310-cp310-musllinux_1_2_x86_64.whl", hash = "sha256:177b5253b2834fe3678cb4a5f0059808258584c559193998be2601324fdeafb1"},
    {file = "markupsafe-3.0.3-cp310-cp310-win32.whl", hash = "sha256:2a15a08b17dd94c53a1da0438822d70ebcd13f8c3a95abe3a9ef9f11a94830aa"},
    {file = "markupsafe-3.0.3-cp310-cp310-win_amd64.whl", hash = "sha256:c4ffb7ebf07cfe8931028e3e4c85f0357459a3f9f9490886198848f4fa002ec8"},
    {file = "markupsafe-3.0.3-cp310-cp310-win_arm64.whl", hash = "sha256:e2103a929dfa2fcaf9bb4e7c091983a49c9ac3b19c9061b6d5427dd7d14d81a1"},
    {file = "markupsafe-3.0.3-cp311-cp311-macosx_10_9_x86_64.whl", hash = "sha256:1cc7ea17a6824959616c525620e387f6dd30fec8cb44f649e31712db02123dad"},
    {file = "markupsafe-3.0.3-cp311-cp311-macosx_11_0_arm64.whl", hash = "sha256:4bd4cd07944443f5a265608cc6aab442e4f74dff8088b0dfc8238647b8f6ae9a"},
    {file = "markupsafe-3.0.3-cp311-cp311-manylinux2014_aarch64.manylinux_2_17_aarch64.manylinux_2_28_aarch64.whl", hash = "sha256:6b5420a1d9450023228968e7e6a9ce57f65d148ab56d2313fcd589eee96a7a50"},
    {file = "markupsafe-3.0.3-cp311-cp311-manylinux2014_x86_64.manylinux_2_17_x86_64.manylinux_2_28_x86_64.whl", hash = "sha256:0bf2a864d67e76e5c9a34dc26ec616a66b9888e25e7b9460e1c76d3293bd9dbf"},
    {file = "markupsafe-3.0.3-cp311-cp311-manylinux_2_31_riscv64.manylinux_2_39_riscv64.whl", hash = "sha256:bc51efed119bc9cfdf792cdeaa4d67e8f6fcccab66ed4bfdd6bde3e59bfcbb2f"},
    {file = "markupsafe-3.0.3-cp311-cp311-musllinux_1_2_aarch64.whl", hash = "sha256:068f375c472b3e7acbe2d5318dea141359e6900156b5b2ba06a30b169086b91a"},
    {file = "markupsafe-3.0.3-cp311-cp311-musllinux_1_2_riscv64.whl", hash = "sha256:7be7b61bb172e1ed687f1754f8e7484f1c8019780f6f6b0786e76bb01c2ae115"},
    {file = "markupsafe-3.0.3-cp311-cp311-musllinux_1_2_x86_64.whl", hash = "sha256:f9e130248f4462aaa8e2552d547f36ddadbeaa573879158d721bbd33dfe4743a"},
    {file = "markupsafe-3.0.3-cp311-cp311-win32.whl", hash = "sha256:0db14f5dafddbb6d9208827849fad01f1a2609380add406671a26386cdf15a19"},
    {file = "markupsafe-3.0.3-cp311-cp311-win_amd64.whl", hash = "sha256:de8a88e63464af587c950061a5e6a67d3632e36df62b986892331d4620a35c01"},
    {file = "markupsafe-3.0.3-cp311-cp311-win_arm64.whl", hash = "sha256:3b562dd9e9ea93f13d53989d23a7e775fdfd1066c33494ff43f5418bc8c58a5c"},
    {file = "markupsafe-3.0.3-cp312-cp312-macosx_10_13_x86_64.whl", hash = "sha256:d53197da72cc091b024dd97249dfc7794d6a56530370992a5e1a08983ad9230e"},
    {file = "markupsafe-3.0.3-cp312-cp312-macosx_11_0_arm64.whl", hash = "sha256:1872df69a4de6aead3491198eaf13810b565bdbeec3ae2dc8780f14458ec73ce"},
    {file = "markupsafe-3.0.3-cp312-cp312-manylinux2014_aarch64.manylinux_2_17_aarch64.manylinux_2_28_aarch64.whl", hash = "sha256:3a7e8ae81ae39e62a41ec302f972ba6ae23a5c5396c8e60113e9066ef893da0d"},
    {file = "markupsafe-3.0.3-cp312-cp312-manylinux2014_x86_64.manylinux_2_17_x86_64.manylinux_2_28_x86_64.whl", hash = "sha256:d6dd0be5b5b189d31db7cda48b91d7e0a9795f31430b7f271219ab30f1d3ac9d"},
    {file = "markupsafe-3.0.3-cp312-cp312-manylinux_2_31_riscv64.manylinux_2_39_riscv64.whl", hash = "sha256:94c6f0bb423f739146aec64595853541634bde58b2135f27f61c1ffd1cd4d16a"},
    {file = "markupsafe-3.0.3-cp312-cp312-musllinux_1_2_aarch64.whl", hash = "sha256:be8813b57049a7dc738189df53d69395eba14fb99345e0a5994914a3864c8a4b"},
    {file = "markupsafe-3.0.3-cp312-cp312-musllinux_1_2_riscv64.whl", hash = "sha256:83891d0e9fb81a825d9a6d61e3f07550ca70a076484292a70fde82c4b807286f"},
    {file = "markupsafe-3.0.3-cp312-cp312-musllinux_1_2_x86_64.whl", hash = "sha256:77f0643abe7495da77fb436f50f8dab76dbc6e5fd25d39589a0f1fe6548bfa2b"},
    {file = "markupsafe-3.0.3-cp312-cp312-win32.whl", hash = "sha256:d88b440e37a16e651bda4c7c2b930eb586fd15ca7406cb39e211fcff3bf3017d"},
    {file = "markupsafe-3.0.3-cp312-cp312-win_amd64.whl", hash = "sha256:26a5784ded40c9e318cfc2bdb30fe164bdb8665ded9cd64d500a34fb42067b1c"},
    {file = "markupsafe-3.0.3-cp312-cp312-win_arm64.whl", hash = "sha256:35add3b638a5d900e807944a078b51922212fb3dedb01633a8defc4b01a3c85f"},
    {file = "markupsafe-3.0.3-cp313-cp313-macosx_10_13_x86_64.whl", hash = "sha256:e1cf1972137e83c5d4c136c43ced9ac51d0e124706ee1c8aa8532c1287fa8795"},
    {file = "markupsafe-3.0.3-cp313-cp313-macosx_11_0_arm64.whl", hash = "sha256:116bb52f642a37c115f517494ea5feb03889e04df47eeff5b130b1808ce7c219"},
    {file = "markupsafe-3.0.3-cp313-cp313-manylinux2014_aarch64.manylinux_2_17_aarch64.manylinux_2_28_aarch64.whl", hash = "sha256:133a43e73a802c5562be9bbcd03d090aa5a1fe899db609c29e8c8d815c5f6de6"},
    {file = "markupsafe-3.0.3-cp313-cp313-manylinux2014_x86_64.manylinux_2_17_x86_64.manylinux_2_28_x86_64.whl", hash = "sha256:ccfcd093f13f0f0b7fdd0f198b90053bf7b2f02a3927a30e63f3ccc9df56b676"},
    {file = "markupsafe-3.0.3-cp313-cp313-manylinux_2_31_riscv64.manylinux_2_39_riscv64.whl", hash = "sha256:509fa21c6deb7a7a273d629cf5ec029bc209d1a51178615ddf718f5918992ab9"},
    {file = "markupsafe-3.0.3-cp313-cp313-musllinux_1_2_aarch64.whl", hash = "sha256:a4afe79fb3de0b7097d81da19090f4df4f8d3a2b3adaa8764138aac2e44f3af1"},
    {file = "markupsafe-3.0.3-cp313-cp313-musllinux_1_2_riscv64.whl", hash = "sha256:795e7751525cae078558e679d646ae45574b47ed6e7771863fcc079a6171a0fc"},
    {file = "markupsafe-3.0.3-cp313-cp313-musllinux_1_2_x86_64.whl", hash = "sha256:8485f406a96febb5140bfeca44a73e3ce5116b2501ac54fe953e488fb1d03b12"},
    {file = "markupsafe-3.0.3-cp313-cp313-win32.whl", hash = "sha256:bdd37121970bfd8be76c5fb069c7751683bdf373db1ed6c010162b2a130248ed"},
    {file = "markupsafe-3.0.3-cp313-cp313-win_amd64.whl", hash = "sha256:9a1abfdc021a164803f4d485104931fb8f8c1efd55bc6b748d2f5774e78b62c5"},
    {file = "markupsafe-3.0.3-cp313-cp313-win_arm64.whl", hash = "sha256:7e68f88e5b8799aa49c85cd116c932a1ac15caaa3f5db09087854d218359e485"},
    {file = "markupsafe-3.0.3-cp313-cp313t-macosx_10_13_x86_64.whl", hash = "sha256:218551f6df4868a8d527e3062d0fb968682fe92054e89978594c28e642c43a73"},
    {file = "markupsafe-3.0.3-cp313-cp313t-macosx_11_0_arm64.whl", hash = "sha256:3524b778fe5cfb3452a09d31e7b5adefeea8c5be1d43c4f810ba09f2ceb29d37"},
    {file = "markupsafe-3.0.3-cp313-cp313t-manylinux2014_aarch64.manylinux_2_17_aarch64.manylinux_2_28_aarch64.whl", hash = "sha256:4e885a3d1efa2eadc93c894a21770e4bc67899e3543680313b09f139e149ab19"},
    {file = "markupsafe-3.0.3-cp313-cp313t-manylinux2014_x86_64.manylinux_2_17_x86_64.manylinux_2_28_x86_64.whl", hash = "sha256:8709b08f4a89aa7586de0aadc8da56180242ee0ada3999749b183aa23df95025"},
    {file = "markupsafe-3.0.3-cp313-cp313t-manylinux_2_31_riscv64.manylinux_2_39_riscv64.whl", hash = "sha256:b8512a91625c9b3da6f127803b166b629725e68af71f8184ae7e7d54686a56d6"},
    {file = "markupsafe-3.0.3-cp313-cp313t-musllinux_1_2_aarch64.whl", hash = "sha256:9b79b7a16f7fedff2495d684f2b59b0457c3b493778c9eed31111be64d58279f"},
    {file = "markupsafe-3.0.3-cp313-cp313t-musllinux_1_2_riscv64.whl", hash = "sha256:12c63dfb4a98206f045aa9563db46507995f7ef6d83b2f68eda65c307c6829eb"},
    {file = "markupsafe-3.0.3-cp313-cp313t-musllinux_1_2_x86_64.whl", hash = "sha256:8f71bc33915be5186016f675cd83a1e08523649b0e33efdb898db577ef5bb009"},
    {file = "markupsafe-3.0.3-cp313-cp313t-win32.whl", hash = "sha256:69c0b73548bc525c8cb9a251cddf1931d1db4d2258e9599c28c07ef3580ef354"},
    {file = "markupsafe-3.0.3-cp313-cp313t-win_amd64.whl", hash = "sha256:1b4b79e8ebf6b55351f0d91fe80f893b4743f104bff22e90697db1590e47a218"},
    {file = "markupsafe-3.0.3-cp313-cp313t-win_arm64.whl", hash = "sha256:ad2cf8aa28b8c020ab2fc8287b0f823d0a7d8630784c31e9ee5edea20f406287"},
    {file = "markupsafe-3.0.3-cp314-cp314-macosx_10_13_x86_64.whl", hash = "sha256:eaa9599de571d72e2daf60164784109f19978b327a3910d3e9de8c97b5b70cfe"},
    {file = "markupsafe-3.0.3-cp314-cp314-macosx_11_0_arm64.whl", hash = "sha256:c47a551199eb8eb2121d4f0f15ae0f923d31350ab9280078d1e5f12b249e0026"},
    {file = "markupsafe-3.0.3-cp314-cp314-manylinux2014_aarch64.manylinux_2_17_aarch64.manylinux_2_28_aarch64.whl", hash = "sha256:f34c41761022dd093b4b6896d4810782ffbabe30f2d443ff5f083e0cbbb8c737"},
    {file = "markupsafe-3.0.3-cp314-cp314-manylinux2014_x86_64.manylinux_2_17_x86_64.manylinux_2_28_x86_64.whl", hash = "sha256:457a69a9577064c05a97c41f4e65148652db078a3a509039e64d3467b9e7ef97"},
    {file = "markupsafe-3.0.3-cp314-cp314-manylinux_2_31_riscv64.manylinux_2_39_riscv64.whl", hash = "sha256:e8afc3f2ccfa24215f8cb28dcf43f0113ac3c37c2f0f0806d8c70e4228c5cf4d"},
    {file = "markupsafe-3.0.3-cp314-cp314-musllinux_1_2_aarch64.whl", hash = "sha256:ec15a59cf5af7be74194f7ab02d0f59a62bdcf1a537677ce67a2537c9b87fcda"},
    {file = "markupsafe-3.0.3-cp314-cp314-musllinux_1_2_riscv64.whl", hash = "sha256:0eb9ff8191e8498cca014656ae6b8d61f39da5f95b488805da4bb029cccbfbaf"},
    {file = "markupsafe-3.0.3-cp314-cp314-musllinux_1_2_x86_64.whl", hash = "sha256:2713baf880df847f2bece4230d4d094280f4e67b1e813eec43b4c0e144a34ffe"},
    {file = "markupsafe-3.0.3-cp314-cp314-win32.whl", hash = "sha256:729586769a26dbceff69f7a7dbbf59ab6572b99d94576a5592625d5b411576b9"},
    {file = "markupsafe-3.0.3-cp314-cp314-win_amd64.whl", hash = "sha256:bdc919ead48f234740ad807933cdf545180bfbe9342c2bb451556db2ed958581"},
    {file = "markupsafe-3.0.3-cp314-cp314-win_arm64.whl", hash = "sha256:5a7d5dc5140555cf21a6fefbdbf8723f06fcd2f63ef108f2854de715e4422cb4"},
    {file = "markupsafe-3.0.3-cp314-cp314t-macosx_10_13_x86_64.whl", hash = "sha256:1353ef0c1b138e1907ae78e2f6c63ff67501122006b0f9abad68fda5f4ffc6ab"},
    {file = "markupsafe-3.0.3-cp314-cp314t-macosx_11_0_arm64.whl", hash = "sha256:1085e7fbddd3be5f89cc898938f42c0b3c711fdcb37d75221de2666af647c175"},
    {file = "markupsafe-3.0.3-cp314-cp314t-manylinux2014_aarch64.manylinux_2_17_aarch64.manylinux_2_28_aarch64.whl", hash = "sha256:1b52b4fb9df4eb9ae465f8d0c228a00624de2334f216f178a995ccdcf82c4634"},
    {file = "markupsafe-3.0.3-cp314-cp314t-manylinux2014_x86_64.manylinux_2_17_x86_64.manylinux_2_28_x86_64.whl", hash = "sha256:fed51ac40f757d41b7c48425901843666a6677e3e8eb0abcff09e4ba6e664f50"},
    {file = "markupsafe-3.0.3-cp314-cp314t-manylinux_2_31_riscv64.manylinux_2_39_riscv64.whl", hash = "sha256:f190daf01f13c72eac4efd5c430a8de82489d9cff23c364c3ea822545032993e"},
    {file = "markupsafe-3.0.3-cp314-cp314t-musllinux_1_2_aarch64.whl", hash = "sha256:e56b7d45a839a697b5eb268c82a71bd8c7f6c94d6fd50c3d577fa39a9f1409f5"},
    {file = "markupsafe-3.0.3-cp314-cp314t-musllinux_1_2_riscv64.whl", hash = "sha256:f3e98bb3798ead92273dc0e5fd0f31ade220f59a266ffd8a4f6065e0a3ce0523"},
    {file = "markupsafe-3.0.3-cp314-cp314t-musllinux_1_2_x86_64.whl", hash = "sha256:5678211cb9333a6468fb8d8be0305520aa073f50d17f089b5b4b477ea6e67fdc"},
    {file = "markupsafe-3.0.3-cp314-cp314t-win32.whl", hash = "sha256:915c04ba3851909ce68ccc2b8e2cd691618c4dc4c4232fb7982bca3f41fd8c3d"},
    {file = "markupsafe-3.0.3-cp314-cp314t-win_amd64.whl", hash = "sha256:4faffd047e07c38848ce017e8725090413cd80cbc23d86e55c587bf979e579c9"},
    {file = "markupsafe-3.0.3-cp314-cp314t-win_arm64.whl", hash = "sha256:32001d6a8fc98c8cb5c947787c5d08b0a50663d139f1305bac5885d98d9b40fa"},
    {file = "markupsafe-3.0.3-cp39-cp39-macosx_10_9_x86_64.whl", hash = "sha256:15d939a21d546304880945ca1ecb8a039db6b4dc49b2c5a400387cdae6a62e26"},
    {file = "markupsafe-3.0.3-cp39-cp39-macosx_11_0_arm64.whl", hash = "sha256:f71a396b3bf33ecaa1626c255855702aca4d3d9fea5e051b41ac59a9c1c41edc"},
    {file = "markupsafe-3.0.3-cp39-cp39-manylinux2014_aarch64.manylinux_2_17_aarch64.manylinux_2_28_aarch64.whl", hash = "sha256:0f4b68347f8c5eab4a13419215bdfd7f8c9b19f2b25520968adfad23eb0ce60c"},
    {file = "markupsafe-3.0.3-cp39-cp39-manylinux2014_x86_64.manylinux_2_17_x86_64.manylinux_2_28_x86_64.whl", hash = "sha256:e8fc20152abba6b83724d7ff268c249fa196d8259ff481f3b1476383f8f24e42"},
    {file = "markupsafe-3.0.3-cp39-cp39-manylinux_2_31_riscv64.manylinux_2_39_riscv64.whl", hash = "sha256:949b8d66bc381ee8b007cd945914c721d9aba8e27f71959d750a46f7c282b20b"},
    {file = "markupsafe-3.0.3-cp39-cp39-musllinux_1_2_aarch64.whl", hash = "sha256:3537e01efc9d4dccdf77221fb1cb3b8e1a38d5428920e0657ce299b20324d758"},
    {file = "markupsafe-3.0.3-cp39-cp39-musllinux_1_2_riscv64.whl", hash = "sha256:591ae9f2a647529ca990bc681daebdd52c8791ff06c2bfa05b65163e28102ef2"},
    {file = "markupsafe-3.0.3-cp39-cp39-musllinux_1_2_x86_64.whl", hash = "sha256:a320721ab5a1aba0a233739394eb907f8c8da5c98c9181d1161e77a0c8e36f2d"},
    {file = "markupsafe-3.0.3-cp39-cp39-win32.whl", hash = "sha256:df2449253ef108a379b8b5d6b43f4b1a8e81a061d6537becd5582fba5f9196d7"},
    {file = "markupsafe-3.0.3-cp39-cp39-win_amd64.whl", hash = "sha256:7c3fb7d25180895632e5d3148dbdc29ea38ccb7fd210aa27acbd1201a1902c6e"},
    {file = "markupsafe-3.0.3-cp39-cp39-win_arm64.whl", hash = "sha256:38664109c14ffc9e7437e86b4dceb442b0096dfe3541d7864d9cbe1da4cf36c8"},
    {file = "markupsafe-3.0.3.tar.gz", hash = "sha256:722695808f4b6457b320fdc131280796bdceb04ab50fe1795cd540799ebe1698"},
]

[[package]]
name = "pyjwt"
version = "2.11.0"
description = "JSON Web Token implementation in Python"
optional = false
python-versions = ">=3.9"
groups = ["main"]
files = [
    {file = "pyjwt-2.11.0-py3-none-any.whl", hash = "sha256:94a6bde30eb5c8e04fee991062b534071fd1439ef58d2adc9ccb823e7bcd0469"},
    {file = "pyjwt-2.11.0.tar.gz", hash = "sha256:35f95c1f0fbe5d5ba6e43f00271c275f7a1a4db1dab27bf708073b75318ea623"},
]

[package.extras]
crypto = ["cryptography (>=3.4.0)"]
dev = ["coverage[toml] (==7.10.7)", "cryptography (>=3.4.0)", "pre-commit", "pytest (>=8.4.2,<9.0.0)", "sphinx", "sphinx-rtd-theme", "zope.interface"]
docs = ["sphinx", "sphinx-rtd-theme", "zope.interface"]
tests = ["coverage[toml] (==7.10.7)", "pytest (>=8.4.2,<9.0.0)"]

[[package]]
name = "sqlalchemy"
version = "2.0.47"
description = "Database Abstraction Library"
optional = false
python-versions = ">=3.7"
groups = ["main"]
files = [
    {file = "sqlalchemy-2.0.47-cp310-cp310-macosx_11_0_arm64.whl", hash = "sha256:33a917ede39406ddb93c3e642b5bc480be7c5fd0f3d0d6ae1036d466fb963f1a"},
    {file = "sqlalchemy-2.0.47-cp310-cp310-manylinux2014_aarch64.manylinux_2_17_aarch64.manylinux_2_28_aarch64.whl", hash = "sha256:561d027c829b01e040bdade6b6f5b429249d056ef95d7bdcb9211539ecc82803"},
    {file = "sqlalchemy-2.0.47-cp310-cp310-manylinux2014_x86_64.manylinux_2_17_x86_64.manylinux_2_28_x86_64.whl", hash = "sha256:fa5072a37e68c565363c009b7afa5b199b488c87940ec02719860093a08f34ca"},
    {file = "sqlalchemy-2.0.47-cp310-cp310-musllinux_1_2_aarch64.whl", hash = "sha256:1e7ed17dd4312a298b6024bfd1baf51654bc49e3f03c798005babf0c7922d6a7"},
    {file = "sqlalchemy-2.0.47-cp310-cp310-musllinux_1_2_x86_64.whl", hash = "sha256:6992e353fcb0593eb42d95ad84b3e58fe40b5e37fd332b9ccba28f4b2f36d1fc"},
    {file = "sqlalchemy-2.0.47-cp310-cp310-win32.whl", hash = "sha256:05a6d58ed99ebd01303c92d29a0c9cbf70f637b3ddd155f5172c5a7239940998"},
    {file = "sqlalchemy-2.0.47-cp310-cp310-win_amd64.whl", hash = "sha256:4a7aa4a584cc97e268c11e700dea0b763874eaebb435e75e7d0ffee5d90f5030"},
    {file = "sqlalchemy-2.0.47-cp311-cp311-macosx_11_0_arm64.whl", hash = "sha256:3a1dbf0913879c443617d6b64403cf2801c941651db8c60e96d204ed9388d6b0"},
    {file = "sqlalchemy-2.0.47-cp311-cp311-manylinux2014_aarch64.manylinux_2_17_aarch64.manylinux_2_28_aarch64.whl", hash = "sha256:775effbb97ea3b00c4dd3aeaf3ba8acba6e3e2b4b41d17d67a27e696843dbc95"},
    {file = "sqlalchemy-2.0.47-cp311-cp311-manylinux2014_x86_64.manylinux_2_17_x86_64.manylinux_2_28_x86_64.whl", hash = "sha256:56cc834a3ffac34270cc2a41875e0f40e97aa651f4f3ca1cfbbf421c044cb62b"},
    {file = "sqlalchemy-2.0.47-cp311-cp311-musllinux_1_2_aarch64.whl", hash = "sha256:49b5e0c7244262f39e767c018e4fdb5e5dbc23cd54c5ddac8eea8f0ba32ef890"},
    {file = "sqlalchemy-2.0.47-cp311-cp311-musllinux_1_2_x86_64.whl", hash = "sha256:15cd822a3f1f6f77b5b841a30c1a07a07f7dee3385f17e638e1722de9ab683be"},
    {file = "sqlalchemy-2.0.47-cp311-cp311-win32.whl", hash = "sha256:9847a19548cd283a65e1ce0afd54016598d55ff72682d6fd3e493af6fc044064"},
    {file = "sqlalchemy-2.0.47-cp311-cp311-win_amd64.whl", hash = "sha256:722abf1c82aeca46a1a0803711244a48a298279eeaec9e02f7bfee9e064182e5"},
    {file = "sqlalchemy-2.0.47-cp312-cp312-macosx_11_0_arm64.whl", hash = "sha256:4fa91b19d6b9821c04cc8f7aa2476429cc8887b9687c762815aa629f5c0edec1"},
    {file = "sqlalchemy-2.0.47-cp312-cp312-manylinux2014_aarch64.manylinux_2_17_aarch64.manylinux_2_28_aarch64.whl", hash = "sha256:7c5bbbd14eff577c8c79cbfe39a0771eecd20f430f3678533476f0087138f356"},
    {file = "sqlalchemy-2.0.47-cp312-cp312-manylinux2014_x86_64.manylinux_2_17_x86_64.manylinux_2_28_x86_64.whl", hash = "sha256:a5a6c555da8d4280a3c4c78c5b7a3f990cee2b2884e5f934f87a226191682ff7"},
    {file = "sqlalchemy-2.0.47-cp312-cp312-musllinux_1_2_aarch64.whl", hash = "sha256:ed48a1701d24dff3bb49a5bce94d6bc84cbe33d98af2aa2d3cdcce3dea1709ec"},
    {file = "sqlalchemy-2.0.47-cp312-cp312-musllinux_1_2_x86_64.whl", hash = "sha256:4f3178c920ad98158f0b6309382194df04b14808fa6052ae07099fdde29d5602"},
    {file = "sqlalchemy-2.0.47-cp312-cp312-win32.whl", hash = "sha256:b9c11ac9934dd59ece9619fe42780a08abe2faab7b0543bb00d5eabea4f421b9"},
    {file = "sqlalchemy-2.0.47-cp312-cp312-win_amd64.whl", hash = "sha256:db43b72cf8274a99e089755c9c1e0b947159b71adbc2c83c3de2e38d5d607acb"},
    {file = "sqlalchemy-2.0.47-cp313-cp313-macosx_11_0_arm64.whl", hash = "sha256:456a135b790da5d3c6b53d0ef71ac7b7d280b7f41eb0c438986352bf03ca7143"},
    {file = "sqlalchemy-2.0.47-cp313-cp313-manylinux2014_aarch64.manylinux_2_17_aarch64.manylinux_2_28_aarch64.whl", hash = "sha256:09a2f7698e44b3135433387da5d8846cf7cc7c10e5425af7c05fee609df978b6"},
    {file = "sqlalchemy-2.0.47-cp313-cp313-manylinux2014_x86_64.manylinux_2_17_x86_64.manylinux_2_28_x86_64.whl", hash = "sha256:a0bbc72e6a177c78d724f9106aaddc0d26a2ada89c6332b5935414eccf04cbd5"},
    {file = "sqlalchemy-2.0.47-cp313-cp313-musllinux_1_2_aarch64.whl", hash = "sha256:75460456b043b78b6006e41bdf5b86747ee42eafaf7fffa3b24a6e9a456a2092"},
    {file = "sqlalchemy-2.0.47-cp313-cp313-musllinux_1_2_x86_64.whl", hash = "sha256:5d9adaa616c3bc7d80f9ded57cd84b51d6617cad6a5456621d858c9f23aaee01"},
    {file = "sqlalchemy-2.0.47-cp313-cp313-win32.whl", hash = "sha256:76e09f974382a496a5ed985db9343628b1cb1ac911f27342e4cc46a8bac10476"},
    {file = "sqlalchemy-2.0.47-cp313-cp313-win_amd64.whl", hash = "sha256:0664089b0bf6724a0bfb49a0cf4d4da24868a0a5c8e937cd7db356d5dcdf2c66"},
    {file = "sqlalchemy-2.0.47-cp313-cp313t-manylinux2014_aarch64.manylinux_2_17_aarch64.manylinux_2_28_aarch64.whl", hash = "sha256:ed0c967c701ae13da98eb220f9ddab3044ab63504c1ba24ad6a59b26826ad003"},
    {file = "sqlalchemy-2.0.47-cp313-cp313t-manylinux2014_x86_64.manylinux_2_17_x86_64.manylinux_2_28_x86_64.whl", hash = "sha256:d3537943a61fd25b241e976426a0c6814434b93cf9b09d39e8e78f3c9eb9a487"},
    {file = "sqlalchemy-2.0.47-cp313-cp313t-musllinux_1_2_aarch64.whl", hash = "sha256:57f7e336a64a0dba686c66392d46b9bc7af2c57d55ce6dc1697b4ef32b043ceb"},
    {file = "sqlalchemy-2.0.47-cp313-cp313t-musllinux_1_2_x86_64.whl", hash = "sha256:dff735a621858680217cb5142b779bad40ef7322ddbb7c12062190db6879772e"},
    {file = "sqlalchemy-2.0.47-cp313-cp313t-win32.whl", hash = "sha256:3893dc096bb3cca9608ea3487372ffcea3ae9b162f40e4d3c51dd49db1d1b2dc"},
    {file = "sqlalchemy-2.0.47-cp313-cp313t-win_amd64.whl", hash = "sha256:b5103427466f4b3e61f04833ae01f9a914b1280a2a8bcde3a9d7ab11f3755b42"},
    {file = "sqlalchemy-2.0.47-cp314-cp314-macosx_11_0_arm64.whl", hash = "sha256:b03010a5a5dfe71676bc83f2473ebe082478e32d77e6f082c8fe15a31c3b42a6"},
    {file = "sqlalchemy-2.0.47-cp314-cp314-manylinux2014_aarch64.manylinux_2_17_aarch64.manylinux_2_28_aarch64.whl", hash = "sha256:f8e3371aa9024520883a415a09cc20c33cfd3eeccf9e0f4f4c367f940b9cbd44"},
    {file = "sqlalchemy-2.0.47-cp314-cp314-manylinux2014_x86_64.manylinux_2_17_x86_64.manylinux_2_28_x86_64.whl", hash = "sha256:c9449f747e50d518c6e1b40cc379e48bfc796453c47b15e627ea901c201e48a6"},
    {file = "sqlalchemy-2.0.47-cp314-cp314-musllinux_1_2_aarch64.whl", hash = "sha256:21410f60d5cac1d6bfe360e05bd91b179be4fa0aa6eea6be46054971d277608f"},
    {file = "sqlalchemy-2.0.47-cp314-cp314-musllinux_1_2_x86_64.whl", hash = "sha256:819841dd5bb4324c284c09e2874cf96fe6338bfb57a64548d9b81a4e39c9871f"},
    {file = "sqlalchemy-2.0.47-cp314-cp314-win32.whl", hash = "sha256:e255ee44821a7ef45649c43064cf94e74f81f61b4df70547304b97a351e9b7db"},
    {file = "sqlalchemy-2.0.47-cp314-cp314-win_amd64.whl", hash = "sha256:209467ff73ea1518fe1a5aaed9ba75bb9e33b2666e2553af9ccd13387bf192cb"},
    {file = "sqlalchemy-2.0.47-cp314-cp314t-manylinux2014_aarch64.manylinux_2_17_aarch64.manylinux_2_28_aarch64.whl", hash = "sha256:e78fd9186946afaa287f8a1fe147ead06e5d566b08c0afcb601226e9c7322a64"},
    {file = "sqlalchemy-2.0.47-cp314-cp314t-manylinux2014_x86_64.manylinux_2_17_x86_64.manylinux_2_28_x86_64.whl", hash = "sha256:5740e2f31b5987ed9619d6912ae5b750c03637f2078850da3002934c9532f172"},
    {file = "sqlalchemy-2.0.47-cp314-cp314t-musllinux_1_2_aarch64.whl", hash = "sha256:fb9ac00d03de93acb210e8ec7243fefe3e012515bf5fd2f0898c8dff38bc77a4"},
    {file = "sqlalchemy-2.0.47-cp314-cp314t-musllinux_1_2_x86_64.whl", hash = "sha256:c72a0b9eb2672d70d112cb149fbaf172d466bc691014c496aaac594f1988e706"},
    {file = "sqlalchemy-2.0.47-cp314-cp314t-win32.whl", hash = "sha256:c200db1128d72a71dc3c31c24b42eb9fd85b2b3e5a3c9ba1e751c11ac31250ff"},
    {file = "sqlalchemy-2.0.47-cp314-cp314t-win_amd64.whl", hash = "sha256:669837759b84e575407355dcff912835892058aea9b80bd1cb76d6a151cf37f7"},
    {file = "sqlalchemy-2.0.47-cp38-cp38-macosx_11_0_arm64.whl", hash = "sha256:fe3f8519a52ca5032015780de3fc4e6ab42c6e0bcf9d807143a3d17b3350d546"},
    {file = "sqlalchemy-2.0.47-cp38-cp38-manylinux2014_aarch64.manylinux_2_17_aarch64.manylinux_2_28_aarch64.whl", hash = "sha256:d6acfc1f95ed0369e0c4100d98870c9c4bfd56818ddc825357a0a979d5973195"},
    {file = "sqlalchemy-2.0.47-cp38-cp38-manylinux2014_x86_64.manylinux_2_17_x86_64.manylinux_2_28_x86_64.whl", hash = "sha256:f530b939eca775f6f77fa359a3e7039209a96958c1aa28c1b796f600e0fee7cd"},
    {file = "sqlalchemy-2.0.47-cp38-cp38-musllinux_1_2_aarch64.whl", hash = "sha256:0a6fdf665268dfe0ba52fb2d8d62deee96b297d460e2797bdd52d2d1941dd8cd"},
    {file = "sqlalchemy-2.0.47-cp38-cp38-musllinux_1_2_x86_64.whl", hash = "sha256:25b3c189dab94dedb6db9d4e06476ce955182e7f45412b096ae9033519e33ce8"},
    {file = "sqlalchemy-2.0.47-cp38-cp38-win32.whl", hash = "sha256:a8f991cac31b673aff1648cafb8b10022719e5a632bbadaa9c5d41511bd507a5"},
    {file = "sqlalchemy-2.0.47-cp38-cp38-win_amd64.whl", hash = "sha256:52be08b31f70bed2ed05c5c4b8237cf361a8581f32a5e89f9dfc295f795db10f"},
    {file = "sqlalchemy-2.0.47-cp39-cp39-macosx_11_0_arm64.whl", hash = "sha256:d7477190e90852c00bf654b70ae21e5b85b5ac4d09094cf82e84eb3abdb6c5a7"},
    {file = "sqlalchemy-2.0.47-cp39-cp39-manylinux2014_aarch64.manylinux_2_17_aarch64.manylinux_2_28_aarch64.whl", hash = "sha256:cb0b3e4946bf05d68673a1857db1a16bd58207c83ebc4ed5732a6e60029bac2d"},
    {file = "sqlalchemy-2.0.47-cp39-cp39-manylinux2014_x86_64.manylinux_2_17_x86_64.manylinux_2_28_x86_64.whl", hash = "sha256:9bc111a5b98881b7e1ab108921f2fcc09fa06abbd98f4f0ed6cb2c23e70cdd23"},
    {file = "sqlalchemy-2.0.47-cp39-cp39-musllinux_1_2_aarch64.whl", hash = "sha256:97bf49caf4e405c18f3b9f695751c5bf14a9d8899c6e54eaeb49dda0d4fa009d"},
    {file = "sqlalchemy-2.0.47-cp39-cp39-musllinux_1_2_x86_64.whl", hash = "sha256:d2fa029051d3db77ad79a55c3ddf005bd7c038a111af0db9b56158857702aef6"},
    {file = "sqlalchemy-2.0.47-cp39-cp39-win32.whl", hash = "sha256:6e547682d508d141de942484b9976cbee91b7a50739d4ee25b3d0a62dd71a954"},
    {file = "sqlalchemy-2.0.47-cp39-cp39-win_amd64.whl", hash = "sha256:bb833131169444c87160aa95fcdd22ae86d0fa4ef174d36b3dfb9be363b4e574"},
    {file = "sqlalchemy-2.0.47-py3-none-any.whl", hash = "sha256:e2647043599297a1ef10e720cf310846b7f31b6c841fee093d2b09d81215eb93"},
    {file = "sqlalchemy-2.0.47.tar.gz", hash = "sha256:e3e7feb57b267fe897e492b9721ae46d5c7de6f9e8dee58aacf105dc4e154f3d"},
]

[package.dependencies]
greenlet = {version = ">=1", optional = true, markers = "platform_machine == \"aarch64\" or platform_machine == \"ppc64le\" or platform_machine == \"x86_64\" or platform_machine == \"amd64\" or platform_machine == \"AMD64\" or platform_machine == \"win32\" or platform_machine == \"WIN32\" or extra == \"asyncio\""}
typing-extensions = ">=4.6.0"

[package.extras]
aiomysql = ["aiomysql (>=0.2.0)", "greenlet (>=1)"]
aioodbc = ["aioodbc", "greenlet (>=1)"]
aiosqlite = ["aiosqlite", "greenlet (>=1)", "typing_extensions (!=3.10.0.1)"]
asyncio = ["greenlet (>=1)"]
asyncmy = ["asyncmy (>=0.2.3,!=0.2.4,!=0.2.6)", "greenlet (>=1)"]
mariadb-connector = ["mariadb (>=1.0.1,!=1.1.2,!=1.1.5,!=1.1.10)"]
mssql = ["pyodbc"]
mssql-pymssql = ["pymssql"]
mssql-pyodbc = ["pyodbc"]
mypy = ["mypy (>=0.910)"]
mysql = ["mysqlclient (>=1.4.0)"]
mysql-connector = ["mysql-connector-python"]
oracle = ["cx_oracle (>=8)"]
oracle-oracledb = ["oracledb (>=1.0.1)"]
postgresql = ["psycopg2 (>=2.7)"]
postgresql-asyncpg = ["asyncpg", "greenlet (>=1)"]
postgresql-pg8000 = ["pg8000 (>=1.29.1)"]
postgresql-psycopg = ["psycopg (>=3.0.7)"]
postgresql-psycopg2binary = ["psycopg2-binary"]
postgresql-psycopg2cffi = ["psycopg2cffi"]
postgresql-psycopgbinary = ["psycopg[binary] (>=3.0.7)"]
pymysql = ["pymysql"]
sqlcipher = ["sqlcipher3_binary"]

[[package]]
name = "typing-extensions"
version = "4.15.0"
description = "Backported and Experimental Type Hints for Python 3.9+"
optional = false
python-versions = ">=3.9"
groups = ["main"]
files = [
    {file = "typing_extensions-4.15.0-py3-none-any.whl", hash = "sha256:f0fa19c6845758ab08074a0cfa8b7aecb71c999ca73d62883bc25cc018c4e548"},
    {file = "typing_extensions-4.15.0.tar.gz", hash = "sha256:0cea48d173cc12fa28ecabc3b837ea3cf6f38c6d1136f85cbaaf598984861466"},
]

[[package]]
name = "werkzeug"
version = "3.1.6"
description = "The comprehensive WSGI web application library."
optional = false
python-versions = ">=3.9"
groups = ["main"]
files = [
    {file = "werkzeug-3.1.6-py3-none-any.whl", hash = "sha256:7ddf3357bb9564e407607f988f683d72038551200c704012bb9a4c523d42f131"},
    {file = "werkzeug-3.1.6.tar.gz", hash = "sha256:210c6bede5a420a913956b4791a7f4d6843a43b6fcee4dfa08a65e93007d0d25"},
]

[package.dependencies]
markupsafe = ">=2.1.1"

[package.extras]
watchdog = ["watchdog (>=2.3)"]

[metadata]
lock-version = "2.1"
python-versions = "^3.13"
content-hash = "6ff1235b6552241b68a9ee89957519f42f74ad23b4e7833e25fb153afaa8deb9"
